
Microsoft Visual Studio Solution File, Format Version 12.00
# Visual Studio 15
VisualStudioVersion = 15.0.28307.1585
MinimumVisualStudioVersion = 10.0.40219.1
Project("{FAE04EC0-301F-11D3-BF4B-00C04F79EFBC}") = "SpeedTool", "SpeedTool\SpeedTool.csproj", "{18D1F4B9-36A5-412F-A171-E504078520F4}"
EndProject
Global
	GlobalSection(SolutionConfigurationPlatforms) = preSolution
		Debug|Any CPU = Debug|Any CPU
		Release|Any CPU = Release|Any CPU
	EndGlobalSection
	GlobalSection(ProjectConfigurationPlatforms) = postSolution
		{18D1F4B9-36A5-412F-A171-E504078520F4}.Debug|Any CPU.ActiveCfg = Debug|Any CPU
		{18D1F4B9-36A5-412F-A171-E504078520F4}.Debug|Any CPU.Build.0 = Debug|Any CPU
		{18D1F4B9-36A5-412F-A171-E504078520F4}.Release|Any CPU.ActiveCfg = Release|Any CPU
		{18D1F4B9-36A5-412F-A171-E504078520F4}.Release|Any CPU.Build.0 = Release|Any CPU
	EndGlobalSection
	GlobalSection(SolutionProperties) = preSolution
		HideSolutionNode = FALSE
	EndGlobalSection
	GlobalSection(ExtensibilityGlobals) = postSolution
		SolutionGuid = {2E3BB06F-9E98-4183-A4BA-C0481E185891}
	EndGlobalSection
EndGlobal
